PODS:
  - VinIDPaySDK (0.0.1)

DEPENDENCIES:
  - VinIDPaySDK (from `https://github.com/VinID-lab/vinidpay-ios-sdk.git`)

EXTERNAL SOURCES:
  VinIDPaySDK:
    :git: https://github.com/VinID-lab/vinidpay-ios-sdk.git

CHECKOUT OPTIONS:
  VinIDPaySDK:
    :commit: 54f32bc766abffd9a1c3e8f1ff31f5b2dcdf6049
    :git: https://github.com/VinID-lab/vinidpay-ios-sdk.git

SPEC CHECKSUMS:
  VinIDPaySDK: e45614f7fd91bc050e1fd70413eb8ffb5762202b

PODFILE CHECKSUM: 0253aa3dddedab9773f99aa9703c83f8ac57371f

COCOAPODS: 1.8.4
