PODS:
  - VinIDPaySDK (0.0.1)

DEPENDENCIES:
  - VinIDPaySDK (from `https://github.com/VinID-lab/vinidpay-ios-sdk.git`)

EXTERNAL SOURCES:
  VinIDPaySDK:
    :git: https://github.com/VinID-lab/vinidpay-ios-sdk.git

CHECKOUT OPTIONS:
  VinIDPaySDK:
    :commit: a9dd204b8a2a76d704b23d9b4f2f439a730e1cb8
    :git: https://github.com/VinID-lab/vinidpay-ios-sdk.git

SPEC CHECKSUMS:
  VinIDPaySDK: 5fbd3c311f7be54ef6909d9649695e481f7638ac

PODFILE CHECKSUM: 0253aa3dddedab9773f99aa9703c83f8ac57371f

COCOAPODS: 1.7.5
